// !$*UTF8*$!
{
	archiveVersion = 1;
	classes = {
	};
	objectVersion = 50;
	objects = {

/* Begin PBXBuildFile section */
		5079056D24ECC838000A4B5A /* AppDelegate.swift in Sources */ = {isa = PBXBuildFile; fileRef = 5079056C24ECC838000A4B5A /* AppDelegate.swift */; };
		5079056F24ECC838000A4B5A /* SceneDelegate.swift in Sources */ = {isa = PBXBuildFile; fileRef = 5079056E24ECC838000A4B5A /* SceneDelegate.swift */; };
		5079057124ECC838000A4B5A /* ContentView.swift in Sources */ = {isa = PBXBuildFile; fileRef = 5079057024ECC838000A4B5A /* ContentView.swift */; };
		5079057324ECC83B000A4B5A /* Assets.xcassets in Resources */ = {isa = PBXBuildFile; fileRef = 5079057224ECC83B000A4B5A /* Assets.xcassets */; };
		5079057624ECC83B000A4B5A /* Preview Assets.xcassets in Resources */ = {isa = PBXBuildFile; fileRef = 5079057524ECC83B000A4B5A /* Preview Assets.xcassets */; };
		5079057924ECC83B000A4B5A /* LaunchScreen.storyboard in Resources */ = {isa = PBXBuildFile; fileRef = 5079057724ECC83B000A4B5A /* LaunchScreen.storyboard */; };
		5079058124ECC97B000A4B5A /* login.swift in Sources */ = {isa = PBXBuildFile; fileRef = 5079058024ECC97B000A4B5A /* login.swift */; };
/* End PBXBuildFile section */

/* Begin PBXFileReference section */
		5079056924ECC838000A4B5A /* wit.ai.app */ = {isa = PBXFileReference; explicitFileType = wrapper.application; includeInIndex = 0; path = wit.ai.app; sourceTree = BUILT_PRODUCTS_DIR; };
		5079056C24ECC838000A4B5A /* AppDelegate.swift */ = {isa = PBXFileReference; lastKnownFileType = sourcecode.swift; path = AppDelegate.swift; sourceTree = "<group>"; };
		5079056E24ECC838000A4B5A /* SceneDelegate.swift */ = {isa = PBXFileReference; lastKnownFileType = sourcecode.swift; path = SceneDelegate.swift; sourceTree = "<group>"; };
		5079057024ECC838000A4B5A /* ContentView.swift */ = {isa = PBXFileReference; lastKnownFileType = sourcecode.swift; path = ContentView.swift; sourceTree = "<group>"; };
		5079057224ECC83B000A4B5A /* Assets.xcassets */ = {isa = PBXFileReference; lastKnownFileType = folder.assetcatalog; path = Assets.xcassets; sourceTree = "<group>"; };
		5079057524ECC83B000A4B5A /* Preview Assets.xcassets */ = {isa = PBXFileReference; lastKnownFileType = folder.assetcatalog; path = "Preview Assets.xcassets"; sourceTree = "<group>"; };
		5079057824ECC83B000A4B5A /* Base */ = {isa = PBXFileReference; lastKnownFileType = file.storyboard; name = Base; path = Base.lproj/LaunchScreen.storyboard; sourceTree = "<group>"; };
		5079057A24ECC83C000A4B5A /* Info.plist */ = {isa = PBXFileReference; lastKnownFileType = text.plist.xml; path = Info.plist; sourceTree = "<group>"; };
		5079058024ECC97B000A4B5A /* login.swift */ = {isa = PBXFileReference; lastKnownFileType = sourcecode.swift; path = login.swift; sourceTree = "<group>"; };
/* End PBXFileReference section */

/* Begin PBXFrameworksBuildPhase section */
		5079056624ECC838000A4B5A /* Frameworks */ = {
			isa = PBXFrameworksBuildPhase;
			buildActionMask = 2147483647;
			files = (
			);
			runOnlyForDeploymentPostprocessing = 0;
		};
/* End PBXFrameworksBuildPhase section */

/* Begin PBXGroup section */
		5079056024ECC837000A4B5A = {
			isa = PBXGroup;
			children = (
				5079056B24ECC838000A4B5A /* wit.ai */,
				5079056A24ECC838000A4B5A /* Products */,
			);
			sourceTree = "<group>";
		};
		5079056A24ECC838000A4B5A /* Products */ = {
			isa = PBXGroup;
			children = (
				5079056924ECC838000A4B5A /* wit.ai.app */,
			);
			name = Products;
			sourceTree = "<group>";
		};
		5079056B24ECC838000A4B5A /* wit.ai */ = {
			isa = PBXGroup;
			children = (
				5079056C24ECC838000A4B5A /* AppDelegate.swift */,
				5079056E24ECC838000A4B5A /* SceneDelegate.swift */,
				5079057024ECC838000A4B5A /* ContentView.swift */,
				5079058024ECC97B000A4B5A /* login.swift */,
				5079057224ECC83B000A4B5A /* Assets.xcassets */,
				5079057724ECC83B000A4B5A /* LaunchScreen.storyboard */,
				5079057A24ECC83C000A4B5A /* Info.plist */,
				5079057424ECC83B000A4B5A /* Preview Content */,
			);
			path = wit.ai;
			sourceTree = "<group>";
		};
		5079057424ECC83B000A4B5A /* Preview Content */ = {
			isa = PBXGroup;
			children = (
				5079057524ECC83B000A4B5A /* Preview Assets.xcassets */,
			);
			path = "Preview Content";
			sourceTree = "<group>";
		};
/* End PBXGroup section */

/* Begin PBXNativeTarget section */
		5079056824ECC838000A4B5A /* wit.ai */ = {
			isa = PBXNativeTarget;
			buildConfigurationList = 5079057D24ECC83C000A4B5A /* Build configuration list for PBXNativeTarget "wit.ai" */;
			buildPhases = (
				5079056524ECC838000A4B5A /* Sources */,
				5079056624ECC838000A4B5A /* Frameworks */,
				5079056724ECC838000A4B5A /* Resources */,
			);
			buildRules = (
			);
			dependencies = (
			);
			name = wit.ai;
			productName = wit.ai;
			productReference = 5079056924ECC838000A4B5A /* wit.ai.app */;
			productType = "com.apple.product-type.application";
		};
/* End PBXNativeTarget section */

/* Begin PBXProject section */
		5079056124ECC837000A4B5A /* Project object */ = {
			isa = PBXProject;
			attributes = {
				LastSwiftUpdateCheck = 1110;
				LastUpgradeCheck = 1110;
				ORGANIZATIONNAME = Rachael;
				TargetAttributes = {
					5079056824ECC838000A4B5A = {
						CreatedOnToolsVersion = 11.1;
					};
				};
			};
			buildConfigurationList = 5079056424ECC837000A4B5A /* Build configuration list for PBXProject "wit.ai" */;
			compatibilityVersion = "Xcode 9.3";
			developmentRegion = en;
			hasScannedForEncodings = 0;
			knownRegions = (
				en,
				Base,
			);
			mainGroup = 5079056024ECC837000A4B5A;
			productRefGroup = 5079056A24ECC838000A4B5A /* Products */;
			projectDirPath = "";
			projectRoot = "";
			targets = (
				5079056824ECC838000A4B5A /* wit.ai */,
			);
		};
/* End PBXProject section */

/* Begin PBXResourcesBuildPhase section */
		5079056724ECC838000A4B5A /* Resources */ = {
			isa = PBXResourcesBuildPhase;
			buildActionMask = 2147483647;
			files = (
				5079057924ECC83B000A4B5A /* LaunchScreen.storyboard in Resources */,
				5079057624ECC83B000A4B5A /* Preview Assets.xcassets in Resources */,
				5079057324ECC83B000A4B5A /* Assets.xcassets in Resources */,
			);
			runOnlyForDeploymentPostprocessing = 0;
		};
/* End PBXResourcesBuildPhase section */

/* Begin PBXSourcesBuildPhase section */
		5079056524ECC838000A4B5A /* Sources */ = {
			isa = PBXSourcesBuildPhase;
			buildActionMask = 2147483647;
			files = (
				5079056D24ECC838000A4B5A /* AppDelegate.swift in Sources */,
				5079056F24ECC838000A4B5A /* SceneDelegate.swift in Sources */,
				5079057124ECC838000A4B5A /* ContentView.swift in Sources */,
				5079058124ECC97B000A4B5A /* login.swift in Sources */,
			);
			runOnlyForDeploymentPostprocessing = 0;
		};
/* End PBXSourcesBuildPhase section */

/* Begin PBXVariantGroup section */
		5079057724ECC83B000A4B5A /* LaunchScreen.storyboard */ = {
			isa = PBXVariantGroup;
			children = (
				5079057824ECC83B000A4B5A /* Base */,
			);
			name = LaunchScreen.storyboard;
			sourceTree = "<group>";
		};
/* End PBXVariantGroup section */

/* Begin XCBuildConfiguration section */
		5079057B24ECC83C000A4B5A /* Debug */ = {
			isa = XCBuildConfiguration;
			buildSettings = {
				ALWAYS_SEARCH_USER_PATHS = NO;
				CLANG_ANALYZER_NONNULL = YES;
				CLANG_ANALYZER_NUMBER_OBJECT_CONVERSION = YES_AGGRESSIVE;
				CLANG_CXX_LANGUAGE_STANDARD = "gnu++14";
				CLANG_CXX_LIBRARY = "libc++";
				CLANG_ENABLE_MODULES = YES;
				CLANG_ENABLE_OBJC_ARC = YES;
				CLANG_ENABLE_OBJC_WEAK = YES;
				CLANG_WARN_BLOCK_CAPTURE_AUTORELEASING = YES;
				CLANG_WARN_BOOL_CONVERSION = YES;
				CLANG_WARN_COMMA = YES;
				CLANG_WARN_CONSTANT_CONVERSION = YES;
				CLANG_WARN_DEPRECATED_OBJC_IMPLEMENTATIONS = YES;
				CLANG_WARN_DIRECT_OBJC_ISA_USAGE = YES_ERROR;
				CLANG_WARN_DOCUMENTATION_COMMENTS = YES;
				CLANG_WARN_EMPTY_BODY = YES;
				CLANG_WARN_ENUM_CONVERSION = YES;
				CLANG_WARN_INFINITE_RECURSION = YES;
				CLANG_WARN_INT_CONVERSION = YES;
				CLANG_WARN_NON_LITERAL_NULL_CONVERSION = YES;
				CLANG_WARN_OBJC_IMPLICIT_RETAIN_SELF = YES;
				CLANG_WARN_OBJC_LITERAL_CONVERSION = YES;
				CLANG_WARN_OBJC_ROOT_CLASS = YES_ERROR;
				CLANG_WARN_RANGE_LOOP_ANALYSIS = YES;
				CLANG_WARN_STRICT_PROTOTYPES = YES;
				CLANG_WARN_SUSPICIOUS_MOVE = YES;
				CLANG_WARN_UNGUARDED_AVAILABILITY = YES_AGGRESSIVE;
				CLANG_WARN_UNREACHABLE_CODE = YES;
				CLANG_WARN__DUPLICATE_METHOD_MATCH = YES;
				COPY_PHASE_STRIP = NO;
				DEBUG_INFORMATION_FORMAT = dwarf;
				ENABLE_STRICT_OBJC_MSGSEND = YES;
				ENABLE_TESTABILITY = YES;
				GCC_C_LANGUAGE_STANDARD = gnu11;
				GCC_DYNAMIC_NO_PIC = NO;
				GCC_NO_COMMON_BLOCKS = YES;
				GCC_OPTIMIZATION_LEVEL = 0;
				GCC_PREPROCESSOR_DEFINITIONS = (
					"DEBUG=1",
					"$(inherited)",
				);
				GCC_WARN_64_TO_32_BIT_CONVERSION = YES;
				GCC_WARN_ABOUT_RETURN_TYPE = YES_ERROR;
				GCC_WARN_UNDECLARED_SELECTOR = YES;
				GCC_WARN_UNINITIALIZED_AUTOS = YES_AGGRESSIVE;
				GCC_WARN_UNUSED_FUNCTION = YES;
				GCC_WARN_UNUSED_VARIABLE = YES;
				IPHONEOS_DEPLOYMENT_TARGET = 13.1;
				MTL_ENABLE_DEBUG_INFO = INCLUDE_SOURCE;
				MTL_FAST_MATH = YES;
				ONLY_ACTIVE_ARCH = YES;
				SDKROOT = iphoneos;
				SWIFT_ACTIVE_COMPILATION_CONDITIONS = DEBUG;
				SWIFT_OPTIMIZATION_LEVEL = "-Onone";
			};
			name = Debug;
		};
		5079057C24ECC83C000A4B5A /* Release */ = {
			isa = XCBuildConfiguration;
			buildSettings = {
				ALWAYS_SEARCH_USER_PATHS = NO;
				CLANG_ANALYZER_NONNULL = YES;
				CLANG_ANALYZER_NUMBER_OBJECT_CONVERSION = YES_AGGRESSIVE;
				CLANG_CXX_LANGUAGE_STANDARD = "gnu++14";
				CLANG_CXX_LIBRARY = "libc++";
				CLANG_ENABLE_MODULES = YES;
				CLANG_ENABLE_OBJC_ARC = YES;
				CLANG_ENABLE_OBJC_WEAK = YES;
				CLANG_WARN_BLOCK_CAPTURE_AUTORELEASING = YES;
				CLANG_WARN_BOOL_CONVERSION = YES;
				CLANG_WARN_COMMA = YES;
				CLANG_WARN_CONSTANT_CONVERSION = YES;
				CLANG_WARN_DEPRECATED_OBJC_IMPLEMENTATIONS = YES;
				CLANG_WARN_DIRECT_OBJC_ISA_USAGE = YES_ERROR;
				CLANG_WARN_DOCUMENTATION_COMMENTS = YES;
				CLANG_WARN_EMPTY_BODY = YES;
				CLANG_WARN_ENUM_CONVERSION = YES;
				CLANG_WARN_INFINITE_RECURSION = YES;
				CLANG_WARN_INT_CONVERSION = YES;
				CLANG_WARN_NON_LITERAL_NULL_CONVERSION = YES;
				CLANG_WARN_OBJC_IMPLICIT_RETAIN_SELF = YES;
				CLANG_WARN_OBJC_LITERAL_CONVERSION = YES;
				CLANG_WARN_OBJC_ROOT_CLASS = YES_ERROR;
				CLANG_WARN_RANGE_LOOP_ANALYSIS = YES;
				CLANG_WARN_STRICT_PROTOTYPES = YES;
				CLANG_WARN_SUSPICIOUS_MOVE = YES;
				CLANG_WARN_UNGUARDED_AVAILABILITY = YES_AGGRESSIVE;
				CLANG_WARN_UNREACHABLE_CODE = YES;
				CLANG_WARN__DUPLICATE_METHOD_MATCH = YES;
				COPY_PHASE_STRIP = NO;
				DEBUG_INFORMATION_FORMAT = "dwarf-with-dsym";
				ENABLE_NS_ASSERTIONS = NO;
				ENABLE_STRICT_OBJC_MSGSEND = YES;
				GCC_C_LANGUAGE_STANDARD = gnu11;
				GCC_NO_COMMON_BLOCKS = YES;
				GCC_WARN_64_TO_32_BIT_CONVERSION = YES;
				GCC_WARN_ABOUT_RETURN_TYPE = YES_ERROR;
				GCC_WARN_UNDECLARED_SELECTOR = YES;
				GCC_WARN_UNINITIALIZED_AUTOS = YES_AGGRESSIVE;
				GCC_WARN_UNUSED_FUNCTION = YES;
				GCC_WARN_UNUSED_VARIABLE = YES;
				IPHONEOS_DEPLOYMENT_TARGET = 13.1;
				MTL_ENABLE_DEBUG_INFO = NO;
				MTL_FAST_MATH = YES;
				SDKROOT = iphoneos;
				SWIFT_COMPILATION_MODE = wholemodule;
				SWIFT_OPTIMIZATION_LEVEL = "-O";
				VALIDATE_PRODUCT = YES;
			};
			name = Release;
		};
		5079057E24ECC83C000A4B5A /* Debug */ = {
			isa = XCBuildConfiguration;
			buildSettings = {
				ASSETCATALOG_COMPILER_APPICON_NAME = AppIcon;
				CODE_SIGN_STYLE = Automatic;
				DEVELOPMENT_ASSET_PATHS = "\"wit.ai/Preview Content\"";
				DEVELOPMENT_TEAM = MW5L283LCY;
				ENABLE_PREVIEWS = YES;
				INFOPLIST_FILE = wit.ai/Info.plist;
				LD_RUNPATH_SEARCH_PATHS = (
					"$(inherited)",
					"@executable_path/Frameworks",
				);
				PRODUCT_BUNDLE_IDENTIFIER = "Rachael.wit-ai";
				PRODUCT_NAME = "$(TARGET_NAME)";
				SWIFT_VERSION = 5.0;
				TARGETED_DEVICE_FAMILY = "1,2";
			};
			name = Debug;
		};
		5079057F24ECC83C000A4B5A /* Release */ = {
			isa = XCBuildConfiguration;
			buildSettings = {
				ASSETCATALOG_COMPILER_APPICON_NAME = AppIcon;
				CODE_SIGN_STYLE = Automatic;
				DEVELOPMENT_ASSET_PATHS = "\"wit.ai/Preview Content\"";
				DEVELOPMENT_TEAM = MW5L283LCY;
				ENABLE_PREVIEWS = YES;
				INFOPLIST_FILE = wit.ai/Info.plist;
				LD_RUNPATH_SEARCH_PATHS = (
					"$(inherited)",
					"@executable_path/Frameworks",
				);
				PRODUCT_BUNDLE_IDENTIFIER = "Rachael.wit-ai";
				PRODUCT_NAME = "$(TARGET_NAME)";
				SWIFT_VERSION = 5.0;
				TARGETED_DEVICE_FAMILY = "1,2";
			};
			name = Release;
		};
/* End XCBuildConfiguration section */

/* Begin XCConfigurationList section */
		5079056424ECC837000A4B5A /* Build configuration list for PBXProject "wit.ai" */ = {
			isa = XCConfigurationList;
			buildConfigurations = (
				5079057B24ECC83C000A4B5A /* Debug */,
				5079057C24ECC83C000A4B5A /* Release */,
			);
			defaultConfigurationIsVisible = 0;
			defaultConfigurationName = Release;
		};
		5079057D24ECC83C000A4B5A /* Build configuration list for PBXNativeTarget "wit.ai" */ = {
			isa = XCConfigurationList;
			buildConfigurations = (
				5079057E24ECC83C000A4B5A /* Debug */,
				5079057F24ECC83C000A4B5A /* Release */,
			);
			defaultConfigurationIsVisible = 0;
			defaultConfigurationName = Release;
		};
/* End XCConfigurationList section */
	};
	rootObject = 5079056124ECC837000A4B5A /* Project object */;
}
